
Microsoft Visual Studio Solution File, Format Version 12.00
# Visual Studio Version 17
VisualStudioVersion = 17.7.34031.279
MinimumVisualStudioVersion = 10.0.40219.1
Project("{FAE04EC0-301F-11D3-BF4B-00C04F79EFBC}") = "Feira de ciências", "Feira de ciências\Feira de ciências.csproj", "{1EC0949D-1D42-4A3F-A6EA-5105879641DD}"
EndProject
Global
	GlobalSection(SolutionConfigurationPlatforms) = preSolution
		Debug|Any CPU = Debug|Any CPU
		Release|Any CPU = Release|Any CPU
	EndGlobalSection
	GlobalSection(ProjectConfigurationPlatforms) = postSolution
		{1EC0949D-1D42-4A3F-A6EA-5105879641DD}.Debug|Any CPU.ActiveCfg = Debug|Any CPU
		{1EC0949D-1D42-4A3F-A6EA-5105879641DD}.Debug|Any CPU.Build.0 = Debug|Any CPU
		{1EC0949D-1D42-4A3F-A6EA-5105879641DD}.Release|Any CPU.ActiveCfg = Release|Any CPU
		{1EC0949D-1D42-4A3F-A6EA-5105879641DD}.Release|Any CPU.Build.0 = Release|Any CPU
	EndGlobalSection
	GlobalSection(SolutionProperties) = preSolution
		HideSolutionNode = FALSE
	EndGlobalSection
	GlobalSection(ExtensibilityGlobals) = postSolution
		SolutionGuid = {4B320E26-4B64-4EFD-8DFF-3EFD8F2BD533}
	EndGlobalSection
EndGlobal
